{
  "markbot": "2aaa4d0d1c8d744e3e1b240c80169ca118ed902c2239f98e25618d28c3473ecb",
  "markbotignore": "030a4e6e1b3b6b510514a7ae54576e2c2ef762d56236c6414ef634955d96a126",
  "index.html": "ba90f055814f96fe5b95bb8bc7fa4f5c8c571eb370977443f930987d8961e444",
  "index-960.png": "aa581b916160c72a58991a0591886aa36f46bcb25610e7d5aa2c241b2e50386f",
  "index-1440.png": "ed50e2811f32eaae299eb0c87fdbd463056820c2c7cd1adceaad743fe3558f3d"
}