{
  "markbot": "994068fb8a422a5f90f3f3315259d583671e1c812a8092cd6125aa3dc5989594",
  "markbotignore": "030a4e6e1b3b6b510514a7ae54576e2c2ef762d56236c6414ef634955d96a126",
  "index.html": "ba90f055814f96fe5b95bb8bc7fa4f5c8c571eb370977443f930987d8961e444",
  "index-960.png": "26b89855b442031f42253dd9df11d7f6d90c211e7ea78720c8e6336bd757510d",
  "index-1440.png": "7493068787baa61099095cab53f7bb12d81ee45b6ec4acc93901ed21f779c22e"
}